{
  "name": "WarframePatchManager",
  "lockfileVersion": 3,
  "requires": true,
  "packages": {
    "": {
      "dependencies": {
        "@wfcd/items": "^1.1272.105"
      }
    },
    "node_modules/@wfcd/items": {
      "version": "1.1272.105",
      "resolved": "https://registry.npmjs.org/@wfcd/items/-/items-1.1272.105.tgz",
      "integrity": "sha512-Hdft/ZmthgYvwEBBM1LoPHmHilwWbfXOqCR71oxdb4wpPp6bsmwF0hpdzk1yFAJ2PKjCVN0XOZIgin9XlSCUfA==",
      "license": "MIT",
      "peerDependencies": {
        "warframe-worldstate-data": "^3.0.0"
      }
    },
    "node_modules/warframe-worldstate-data": {
      "version": "3.1.19",
      "resolved": "https://registry.npmjs.org/warframe-worldstate-data/-/warframe-worldstate-data-3.1.19.tgz",
      "integrity": "sha512-52olTSiZtMI6qMrGF85GKDOcwRswoT+neg5Y5kZ38HElGIW1jr+aXVR0Gyc/d9rgcQmFoTfJfbumlF1zrfsVqQ==",
      "license": "MIT",
      "peer": true,
      "engines": {
        "node": ">=22"
      }
    }
  }
}
